
Microsoft Visual Studio Solution File, Format Version 12.00
# Visual Studio Version 17
VisualStudioVersion = 17.7.34031.279
MinimumVisualStudioVersion = 10.0.40219.1
Project("{9A19103F-16F7-4668-BE54-9A1E7A4F7556}") = "Data", "Data\Data.csproj", "{78C9BF8A-8C05-4767-9077-B50828FB3293}"
EndProject
Project("{9A19103F-16F7-4668-BE54-9A1E7A4F7556}") = "API", "API\API.csproj", "{A079BB1A-C5B5-4B44-ACB0-8830C3444D2E}"
EndProject
Project("{9A19103F-16F7-4668-BE54-9A1E7A4F7556}") = "Services", "Services\Services.csproj", "{D9B0005B-5D6B-4C40-9F68-8F0C30BC07FE}"
EndProject
Project("{FAE04EC0-301F-11D3-BF4B-00C04F79EFBC}") = "Client", "Client\Client.csproj", "{32DC9B51-2846-4490-BF09-43EBDE9A1AC2}"
EndProject
Global
	GlobalSection(SolutionConfigurationPlatforms) = preSolution
		Debug|Any CPU = Debug|Any CPU
		Release|Any CPU = Release|Any CPU
	EndGlobalSection
	GlobalSection(ProjectConfigurationPlatforms) = postSolution
		{78C9BF8A-8C05-4767-9077-B50828FB3293}.Debug|Any CPU.ActiveCfg = Debug|Any CPU
		{78C9BF8A-8C05-4767-9077-B50828FB3293}.Debug|Any CPU.Build.0 = Debug|Any CPU
		{78C9BF8A-8C05-4767-9077-B50828FB3293}.Release|Any CPU.ActiveCfg = Release|Any CPU
		{78C9BF8A-8C05-4767-9077-B50828FB3293}.Release|Any CPU.Build.0 = Release|Any CPU
		{A079BB1A-C5B5-4B44-ACB0-8830C3444D2E}.Debug|Any CPU.ActiveCfg = Debug|Any CPU
		{A079BB1A-C5B5-4B44-ACB0-8830C3444D2E}.Debug|Any CPU.Build.0 = Debug|Any CPU
		{A079BB1A-C5B5-4B44-ACB0-8830C3444D2E}.Release|Any CPU.ActiveCfg = Release|Any CPU
		{A079BB1A-C5B5-4B44-ACB0-8830C3444D2E}.Release|Any CPU.Build.0 = Release|Any CPU
		{D9B0005B-5D6B-4C40-9F68-8F0C30BC07FE}.Debug|Any CPU.ActiveCfg = Debug|Any CPU
		{D9B0005B-5D6B-4C40-9F68-8F0C30BC07FE}.Debug|Any CPU.Build.0 = Debug|Any CPU
		{D9B0005B-5D6B-4C40-9F68-8F0C30BC07FE}.Release|Any CPU.ActiveCfg = Release|Any CPU
		{D9B0005B-5D6B-4C40-9F68-8F0C30BC07FE}.Release|Any CPU.Build.0 = Release|Any CPU
		{32DC9B51-2846-4490-BF09-43EBDE9A1AC2}.Debug|Any CPU.ActiveCfg = Debug|Any CPU
		{32DC9B51-2846-4490-BF09-43EBDE9A1AC2}.Debug|Any CPU.Build.0 = Debug|Any CPU
		{32DC9B51-2846-4490-BF09-43EBDE9A1AC2}.Release|Any CPU.ActiveCfg = Release|Any CPU
		{32DC9B51-2846-4490-BF09-43EBDE9A1AC2}.Release|Any CPU.Build.0 = Release|Any CPU
	EndGlobalSection
	GlobalSection(SolutionProperties) = preSolution
		HideSolutionNode = FALSE
	EndGlobalSection
	GlobalSection(ExtensibilityGlobals) = postSolution
		SolutionGuid = {6347EFCC-FEEA-4F5D-9559-93163522F7C7}
	EndGlobalSection
EndGlobal
